
Microsoft Visual Studio Solution File, Format Version 12.00
# Visual Studio Express 15 for Windows Desktop
VisualStudioVersion = 15.0.28307.271
MinimumVisualStudioVersion = 10.0.40219.1
Project("{FAE04EC0-301F-11D3-BF4B-00C04F79EFBC}") = "PracticeCSharp", "PracticeCSharp\PracticeCSharp.csproj", "{7AA93AE7-F1A7-44BA-BF2C-C8CA0BC25DBA}"
EndProject
Project("{FAE04EC0-301F-11D3-BF4B-00C04F79EFBC}") = "UnitTests", "UnitTests\UnitTests.csproj", "{BAE1686F-E25F-4763-8292-0A8322A8C937}"
EndProject
Global
	GlobalSection(SolutionConfigurationPlatforms) = preSolution
		Debug|Any CPU = Debug|Any CPU
		Release|Any CPU = Release|Any CPU
	EndGlobalSection
	GlobalSection(ProjectConfigurationPlatforms) = postSolution
		{7AA93AE7-F1A7-44BA-BF2C-C8CA0BC25DBA}.Debug|Any CPU.ActiveCfg = Debug|Any CPU
		{7AA93AE7-F1A7-44BA-BF2C-C8CA0BC25DBA}.Debug|Any CPU.Build.0 = Debug|Any CPU
		{7AA93AE7-F1A7-44BA-BF2C-C8CA0BC25DBA}.Release|Any CPU.ActiveCfg = Release|Any CPU
		{7AA93AE7-F1A7-44BA-BF2C-C8CA0BC25DBA}.Release|Any CPU.Build.0 = Release|Any CPU
		{BAE1686F-E25F-4763-8292-0A8322A8C937}.Debug|Any CPU.ActiveCfg = Debug|Any CPU
		{BAE1686F-E25F-4763-8292-0A8322A8C937}.Debug|Any CPU.Build.0 = Debug|Any CPU
		{BAE1686F-E25F-4763-8292-0A8322A8C937}.Release|Any CPU.ActiveCfg = Release|Any CPU
		{BAE1686F-E25F-4763-8292-0A8322A8C937}.Release|Any CPU.Build.0 = Release|Any CPU
	EndGlobalSection
	GlobalSection(SolutionProperties) = preSolution
		HideSolutionNode = FALSE
	EndGlobalSection
	GlobalSection(ExtensibilityGlobals) = postSolution
		SolutionGuid = {3AEB6DC4-F5C6-4669-B36F-1312A7BC44A2}
	EndGlobalSection
EndGlobal
